
Microsoft Visual Studio Solution File, Format Version 12.00
# Visual Studio Version 16
VisualStudioVersion = 16.0.28729.10
MinimumVisualStudioVersion = 10.0.40219.1
Project("{F184B08F-C81C-45F6-A57F-5ABD9991F28F}") = "assignment01", "assignment01\assignment01.vbproj", "{309B4FB8-421D-43B3-B042-F38849A22E8E}"
EndProject
Global
	GlobalSection(SolutionConfigurationPlatforms) = preSolution
		Debug|Any CPU = Debug|Any CPU
		Release|Any CPU = Release|Any CPU
	EndGlobalSection
	GlobalSection(ProjectConfigurationPlatforms) = postSolution
		{309B4FB8-421D-43B3-B042-F38849A22E8E}.Debug|Any CPU.ActiveCfg = Debug|Any CPU
		{309B4FB8-421D-43B3-B042-F38849A22E8E}.Debug|Any CPU.Build.0 = Debug|Any CPU
		{309B4FB8-421D-43B3-B042-F38849A22E8E}.Release|Any CPU.ActiveCfg = Release|Any CPU
		{309B4FB8-421D-43B3-B042-F38849A22E8E}.Release|Any CPU.Build.0 = Release|Any CPU
	EndGlobalSection
	GlobalSection(SolutionProperties) = preSolution
		HideSolutionNode = FALSE
	EndGlobalSection
	GlobalSection(ExtensibilityGlobals) = postSolution
		SolutionGuid = {3AD3E075-F238-4619-8832-8A3934E37039}
	EndGlobalSection
EndGlobal
