
Microsoft Visual Studio Solution File, Format Version 12.00
# Visual Studio Version 16
VisualStudioVersion = 16.0.28729.10
MinimumVisualStudioVersion = 10.0.40219.1
Project("{F184B08F-C81C-45F6-A57F-5ABD9991F28F}") = "Prop's Value", "Prop's Value\Prop's Value.vbproj", "{0C983B8E-FC23-4795-BC5C-A0C38AEBE167}"
EndProject
Global
	GlobalSection(SolutionConfigurationPlatforms) = preSolution
		Debug|Any CPU = Debug|Any CPU
		Release|Any CPU = Release|Any CPU
	EndGlobalSection
	GlobalSection(ProjectConfigurationPlatforms) = postSolution
		{0C983B8E-FC23-4795-BC5C-A0C38AEBE167}.Debug|Any CPU.ActiveCfg = Debug|Any CPU
		{0C983B8E-FC23-4795-BC5C-A0C38AEBE167}.Debug|Any CPU.Build.0 = Debug|Any CPU
		{0C983B8E-FC23-4795-BC5C-A0C38AEBE167}.Release|Any CPU.ActiveCfg = Release|Any CPU
		{0C983B8E-FC23-4795-BC5C-A0C38AEBE167}.Release|Any CPU.Build.0 = Release|Any CPU
	EndGlobalSection
	GlobalSection(SolutionProperties) = preSolution
		HideSolutionNode = FALSE
	EndGlobalSection
	GlobalSection(ExtensibilityGlobals) = postSolution
		SolutionGuid = {FCE4CEF5-CDA5-4350-BC92-117371D4CCB0}
	EndGlobalSection
EndGlobal
