
Microsoft Visual Studio Solution File, Format Version 12.00
# Visual Studio Version 16
VisualStudioVersion = 16.0.28729.10
MinimumVisualStudioVersion = 10.0.40219.1
Project("{F184B08F-C81C-45F6-A57F-5ABD9991F28F}") = "Formasi", "Formasi\Formasi.vbproj", "{A526AB44-0B8C-43FD-8953-B00A8B8B1367}"
EndProject
Global
	GlobalSection(SolutionConfigurationPlatforms) = preSolution
		Debug|Any CPU = Debug|Any CPU
		Release|Any CPU = Release|Any CPU
	EndGlobalSection
	GlobalSection(ProjectConfigurationPlatforms) = postSolution
		{A526AB44-0B8C-43FD-8953-B00A8B8B1367}.Debug|Any CPU.ActiveCfg = Debug|Any CPU
		{A526AB44-0B8C-43FD-8953-B00A8B8B1367}.Debug|Any CPU.Build.0 = Debug|Any CPU
		{A526AB44-0B8C-43FD-8953-B00A8B8B1367}.Release|Any CPU.ActiveCfg = Release|Any CPU
		{A526AB44-0B8C-43FD-8953-B00A8B8B1367}.Release|Any CPU.Build.0 = Release|Any CPU
	EndGlobalSection
	GlobalSection(SolutionProperties) = preSolution
		HideSolutionNode = FALSE
	EndGlobalSection
	GlobalSection(ExtensibilityGlobals) = postSolution
		SolutionGuid = {F19F9420-4816-47BD-A86A-DBB4089280FE}
	EndGlobalSection
EndGlobal
